
Microsoft Visual Studio Solution File, Format Version 12.00
# Visual Studio 2013
VisualStudioVersion = 12.0.40629.0
MinimumVisualStudioVersion = 10.0.40219.1
Project("{FAE04EC0-301F-11D3-BF4B-00C04F79EFBC}") = "MemoryGameService", "MemoryGameService\MemoryGameService.csproj", "{57F64303-912E-465C-AA80-D1AE467DED24}"
EndProject
Project("{FAE04EC0-301F-11D3-BF4B-00C04F79EFBC}") = "MemoryGameServiceHost", "MemoryGameServiceHost\MemoryGameServiceHost.csproj", "{542D78E1-C2DB-4E6E-8117-B5828F755E16}"
EndProject
Project("{FAE04EC0-301F-11D3-BF4B-00C04F79EFBC}") = "MemoryGameServiceClient", "MemoryGameServiceClient\MemoryGameServiceClient.csproj", "{D37321D0-0D67-43B0-80ED-5E4A613CB774}"
EndProject
Global
	GlobalSection(SolutionConfigurationPlatforms) = preSolution
		Debug|Any CPU = Debug|Any CPU
		Release|Any CPU = Release|Any CPU
	EndGlobalSection
	GlobalSection(ProjectConfigurationPlatforms) = postSolution
		{57F64303-912E-465C-AA80-D1AE467DED24}.Debug|Any CPU.ActiveCfg = Debug|Any CPU
		{57F64303-912E-465C-AA80-D1AE467DED24}.Debug|Any CPU.Build.0 = Debug|Any CPU
		{57F64303-912E-465C-AA80-D1AE467DED24}.Release|Any CPU.ActiveCfg = Release|Any CPU
		{57F64303-912E-465C-AA80-D1AE467DED24}.Release|Any CPU.Build.0 = Release|Any CPU
		{542D78E1-C2DB-4E6E-8117-B5828F755E16}.Debug|Any CPU.ActiveCfg = Debug|Any CPU
		{542D78E1-C2DB-4E6E-8117-B5828F755E16}.Debug|Any CPU.Build.0 = Debug|Any CPU
		{542D78E1-C2DB-4E6E-8117-B5828F755E16}.Release|Any CPU.ActiveCfg = Release|Any CPU
		{542D78E1-C2DB-4E6E-8117-B5828F755E16}.Release|Any CPU.Build.0 = Release|Any CPU
		{D37321D0-0D67-43B0-80ED-5E4A613CB774}.Debug|Any CPU.ActiveCfg = Debug|Any CPU
		{D37321D0-0D67-43B0-80ED-5E4A613CB774}.Debug|Any CPU.Build.0 = Debug|Any CPU
		{D37321D0-0D67-43B0-80ED-5E4A613CB774}.Release|Any CPU.ActiveCfg = Release|Any CPU
		{D37321D0-0D67-43B0-80ED-5E4A613CB774}.Release|Any CPU.Build.0 = Release|Any CPU
	EndGlobalSection
	GlobalSection(SolutionProperties) = preSolution
		HideSolutionNode = FALSE
	EndGlobalSection
EndGlobal
